// !$*UTF8*$!
{
	archiveVersion = 1;
	classes = {
	};
	objectVersion = 50;
	objects = {

/* Begin PBXBuildFile section */
		F55461B423513EB000381F96 /* AppDelegate.swift in Sources */ = {isa = PBXBuildFile; fileRef = F55461B323513EB000381F96 /* AppDelegate.swift */; };
		F55461B623513EB000381F96 /* SceneDelegate.swift in Sources */ = {isa = PBXBuildFile; fileRef = F55461B523513EB000381F96 /* SceneDelegate.swift */; };
		F55461B923513EB000381F96 /* CompassSwiftUI.xcdatamodeld in Sources */ = {isa = PBXBuildFile; fileRef = F55461B723513EB000381F96 /* CompassSwiftUI.xcdatamodeld */; };
		F55461BB23513EB000381F96 /* ContentView.swift in Sources */ = {isa = PBXBuildFile; fileRef = F55461BA23513EB000381F96 /* ContentView.swift */; };
		F55461BD23513EB100381F96 /* Assets.xcassets in Resources */ = {isa = PBXBuildFile; fileRef = F55461BC23513EB100381F96 /* Assets.xcassets */; };
		F55461C023513EB100381F96 /* Preview Assets.xcassets in Resources */ = {isa = PBXBuildFile; fileRef = F55461BF23513EB100381F96 /* Preview Assets.xcassets */; };
		F55461C323513EB100381F96 /* LaunchScreen.storyboard in Resources */ = {isa = PBXBuildFile; fileRef = F55461C123513EB100381F96 /* LaunchScreen.storyboard */; };
		F55461CD235146AC00381F96 /* CompassHeading.swift in Sources */ = {isa = PBXBuildFile; fileRef = F55461CC235146AC00381F96 /* CompassHeading.swift */; };
/* End PBXBuildFile section */

/* Begin PBXFileReference section */
		F55461B023513EB000381F96 /* CompassSwiftUI.app */ = {isa = PBXFileReference; explicitFileType = wrapper.application; includeInIndex = 0; path = CompassSwiftUI.app; sourceTree = BUILT_PRODUCTS_DIR; };
		F55461B323513EB000381F96 /* AppDelegate.swift */ = {isa = PBXFileReference; lastKnownFileType = sourcecode.swift; path = AppDelegate.swift; sourceTree = "<group>"; };
		F55461B523513EB000381F96 /* SceneDelegate.swift */ = {isa = PBXFileReference; lastKnownFileType = sourcecode.swift; path = SceneDelegate.swift; sourceTree = "<group>"; };
		F55461B823513EB000381F96 /* CompassSwiftUI.xcdatamodel */ = {isa = PBXFileReference; lastKnownFileType = wrapper.xcdatamodel; path = CompassSwiftUI.xcdatamodel; sourceTree = "<group>"; };
		F55461BA23513EB000381F96 /* ContentView.swift */ = {isa = PBXFileReference; lastKnownFileType = sourcecode.swift; path = ContentView.swift; sourceTree = "<group>"; };
		F55461BC23513EB100381F96 /* Assets.xcassets */ = {isa = PBXFileReference; lastKnownFileType = folder.assetcatalog; path = Assets.xcassets; sourceTree = "<group>"; };
		F55461BF23513EB100381F96 /* Preview Assets.xcassets */ = {isa = PBXFileReference; lastKnownFileType = folder.assetcatalog; path = "Preview Assets.xcassets"; sourceTree = "<group>"; };
		F55461C223513EB100381F96 /* Base */ = {isa = PBXFileReference; lastKnownFileType = file.storyboard; name = Base; path = Base.lproj/LaunchScreen.storyboard; sourceTree = "<group>"; };
		F55461C423513EB100381F96 /* Info.plist */ = {isa = PBXFileReference; lastKnownFileType = text.plist.xml; path = Info.plist; sourceTree = "<group>"; };
		F55461CC235146AC00381F96 /* CompassHeading.swift */ = {isa = PBXFileReference; lastKnownFileType = sourcecode.swift; path = CompassHeading.swift; sourceTree = "<group>"; };
/* End PBXFileReference section */

/* Begin PBXFrameworksBuildPhase section */
		F55461AD23513EB000381F96 /* Frameworks */ = {
			isa = PBXFrameworksBuildPhase;
			buildActionMask = 2147483647;
			files = (
			);
			runOnlyForDeploymentPostprocessing = 0;
		};
/* End PBXFrameworksBuildPhase section */

/* Begin PBXGroup section */
		F55461A723513EB000381F96 = {
			isa = PBXGroup;
			children = (
				F55461B223513EB000381F96 /* CompassSwiftUI */,
				F55461B123513EB000381F96 /* Products */,
			);
			sourceTree = "<group>";
		};
		F55461B123513EB000381F96 /* Products */ = {
			isa = PBXGroup;
			children = (
				F55461B023513EB000381F96 /* CompassSwiftUI.app */,
			);
			name = Products;
			sourceTree = "<group>";
		};
		F55461B223513EB000381F96 /* CompassSwiftUI */ = {
			isa = PBXGroup;
			children = (
				F55461B323513EB000381F96 /* AppDelegate.swift */,
				F55461B523513EB000381F96 /* SceneDelegate.swift */,
				F55461BA23513EB000381F96 /* ContentView.swift */,
				F55461CC235146AC00381F96 /* CompassHeading.swift */,
				F55461BC23513EB100381F96 /* Assets.xcassets */,
				F55461C123513EB100381F96 /* LaunchScreen.storyboard */,
				F55461C423513EB100381F96 /* Info.plist */,
				F55461B723513EB000381F96 /* CompassSwiftUI.xcdatamodeld */,
				F55461BE23513EB100381F96 /* Preview Content */,
			);
			path = CompassSwiftUI;
			sourceTree = "<group>";
		};
		F55461BE23513EB100381F96 /* Preview Content */ = {
			isa = PBXGroup;
			children = (
				F55461BF23513EB100381F96 /* Preview Assets.xcassets */,
			);
			path = "Preview Content";
			sourceTree = "<group>";
		};
/* End PBXGroup section */

/* Begin PBXNativeTarget section */
		F55461AF23513EB000381F96 /* CompassSwiftUI */ = {
			isa = PBXNativeTarget;
			buildConfigurationList = F55461C723513EB100381F96 /* Build configuration list for PBXNativeTarget "CompassSwiftUI" */;
			buildPhases = (
				F55461AC23513EB000381F96 /* Sources */,
				F55461AD23513EB000381F96 /* Frameworks */,
				F55461AE23513EB000381F96 /* Resources */,
			);
			buildRules = (
			);
			dependencies = (
			);
			name = CompassSwiftUI;
			productName = CompassSwiftUI;
			productReference = F55461B023513EB000381F96 /* CompassSwiftUI.app */;
			productType = "com.apple.product-type.application";
		};
/* End PBXNativeTarget section */

/* Begin PBXProject section */
		F55461A823513EB000381F96 /* Project object */ = {
			isa = PBXProject;
			attributes = {
				LastSwiftUpdateCheck = 1110;
				LastUpgradeCheck = 1200;
				ORGANIZATIONNAME = "Anthony Codes";
				TargetAttributes = {
					F55461AF23513EB000381F96 = {
						CreatedOnToolsVersion = 11.1;
					};
				};
			};
			buildConfigurationList = F55461AB23513EB000381F96 /* Build configuration list for PBXProject "CompassSwiftUI" */;
			compatibilityVersion = "Xcode 9.3";
			developmentRegion = en;
			hasScannedForEncodings = 0;
			knownRegions = (
				en,
				Base,
			);
			mainGroup = F55461A723513EB000381F96;
			productRefGroup = F55461B123513EB000381F96 /* Products */;
			projectDirPath = "";
			projectRoot = "";
			targets = (
				F55461AF23513EB000381F96 /* CompassSwiftUI */,
			);
		};
/* End PBXProject section */

/* Begin PBXResourcesBuildPhase section */
		F55461AE23513EB000381F96 /* Resources */ = {
			isa = PBXResourcesBuildPhase;
			buildActionMask = 2147483647;
			files = (
				F55461C323513EB100381F96 /* LaunchScreen.storyboard in Resources */,
				F55461C023513EB100381F96 /* Preview Assets.xcassets in Resources */,
				F55461BD23513EB100381F96 /* Assets.xcassets in Resources */,
			);
			runOnlyForDeploymentPostprocessing = 0;
		};
/* End PBXResourcesBuildPhase section */

/* Begin PBXSourcesBuildPhase section */
		F55461AC23513EB000381F96 /* Sources */ = {
			isa = PBXSourcesBuildPhase;
			buildActionMask = 2147483647;
			files = (
				F55461B923513EB000381F96 /* CompassSwiftUI.xcdatamodeld in Sources */,
				F55461B423513EB000381F96 /* AppDelegate.swift in Sources */,
				F55461CD235146AC00381F96 /* CompassHeading.swift in Sources */,
				F55461BB23513EB000381F96 /* ContentView.swift in Sources */,
				F55461B623513EB000381F96 /* SceneDelegate.swift in Sources */,
			);
			runOnlyForDeploymentPostprocessing = 0;
		};
/* End PBXSourcesBuildPhase section */

/* Begin PBXVariantGroup section */
		F55461C123513EB100381F96 /* LaunchScreen.storyboard */ = {
			isa = PBXVariantGroup;
			children = (
				F55461C223513EB100381F96 /* Base */,
			);
			name = LaunchScreen.storyboard;
			sourceTree = "<group>";
		};
/* End PBXVariantGroup section */

/* Begin XCBuildConfiguration section */
		F55461C523513EB100381F96 /* Debug */ = {
			isa = XCBuildConfiguration;
			buildSettings = {
				ALWAYS_SEARCH_USER_PATHS = NO;
				CLANG_ANALYZER_NONNULL = YES;
				CLANG_ANALYZER_NUMBER_OBJECT_CONVERSION = YES_AGGRESSIVE;
				CLANG_CXX_LANGUAGE_STANDARD = "gnu++14";
				CLANG_CXX_LIBRARY = "libc++";
				CLANG_ENABLE_MODULES = YES;
				CLANG_ENABLE_OBJC_ARC = YES;
				CLANG_ENABLE_OBJC_WEAK = YES;
				CLANG_WARN_BLOCK_CAPTURE_AUTORELEASING = YES;
				CLANG_WARN_BOOL_CONVERSION = YES;
				CLANG_WARN_COMMA = YES;
				CLANG_WARN_CONSTANT_CONVERSION = YES;
				CLANG_WARN_DEPRECATED_OBJC_IMPLEMENTATIONS = YES;
				CLANG_WARN_DIRECT_OBJC_ISA_USAGE = YES_ERROR;
				CLANG_WARN_DOCUMENTATION_COMMENTS = YES;
				CLANG_WARN_EMPTY_BODY = YES;
				CLANG_WARN_ENUM_CONVERSION = YES;
				CLANG_WARN_INFINITE_RECURSION = YES;
				CLANG_WARN_INT_CONVERSION = YES;
				CLANG_WARN_NON_LITERAL_NULL_CONVERSION = YES;
				CLANG_WARN_OBJC_IMPLICIT_RETAIN_SELF = YES;
				CLANG_WARN_OBJC_LITERAL_CONVERSION = YES;
				CLANG_WARN_OBJC_ROOT_CLASS = YES_ERROR;
				CLANG_WARN_QUOTED_INCLUDE_IN_FRAMEWORK_HEADER = YES;
				CLANG_WARN_RANGE_LOOP_ANALYSIS = YES;
				CLANG_WARN_STRICT_PROTOTYPES = YES;
				CLANG_WARN_SUSPICIOUS_MOVE = YES;
				CLANG_WARN_UNGUARDED_AVAILABILITY = YES_AGGRESSIVE;
				CLANG_WARN_UNREACHABLE_CODE = YES;
				CLANG_WARN__DUPLICATE_METHOD_MATCH = YES;
				COPY_PHASE_STRIP = NO;
				DEBUG_INFORMATION_FORMAT = dwarf;
				ENABLE_STRICT_OBJC_MSGSEND = YES;
				ENABLE_TESTABILITY = YES;
				GCC_C_LANGUAGE_STANDARD = gnu11;
				GCC_DYNAMIC_NO_PIC = NO;
				GCC_NO_COMMON_BLOCKS = YES;
				GCC_OPTIMIZATION_LEVEL = 0;
				GCC_PREPROCESSOR_DEFINITIONS = (
					"DEBUG=1",
					"$(inherited)",
				);
				GCC_WARN_64_TO_32_BIT_CONVERSION = YES;
				GCC_WARN_ABOUT_RETURN_TYPE = YES_ERROR;
				GCC_WARN_UNDECLARED_SELECTOR = YES;
				GCC_WARN_UNINITIALIZED_AUTOS = YES_AGGRESSIVE;
				GCC_WARN_UNUSED_FUNCTION = YES;
				GCC_WARN_UNUSED_VARIABLE = YES;
				IPHONEOS_DEPLOYMENT_TARGET = 13.1;
				MTL_ENABLE_DEBUG_INFO = INCLUDE_SOURCE;
				MTL_FAST_MATH = YES;
				ONLY_ACTIVE_ARCH = YES;
				SDKROOT = iphoneos;
				SWIFT_ACTIVE_COMPILATION_CONDITIONS = DEBUG;
				SWIFT_OPTIMIZATION_LEVEL = "-Onone";
			};
			name = Debug;
		};
		F55461C623513EB100381F96 /* Release */ = {
			isa = XCBuildConfiguration;
			buildSettings = {
				ALWAYS_SEARCH_USER_PATHS = NO;
				CLANG_ANALYZER_NONNULL = YES;
				CLANG_ANALYZER_NUMBER_OBJECT_CONVERSION = YES_AGGRESSIVE;
				CLANG_CXX_LANGUAGE_STANDARD = "gnu++14";
				CLANG_CXX_LIBRARY = "libc++";
				CLANG_ENABLE_MODULES = YES;
				CLANG_ENABLE_OBJC_ARC = YES;
				CLANG_ENABLE_OBJC_WEAK = YES;
				CLANG_WARN_BLOCK_CAPTURE_AUTORELEASING = YES;
				CLANG_WARN_BOOL_CONVERSION = YES;
				CLANG_WARN_COMMA = YES;
				CLANG_WARN_CONSTANT_CONVERSION = YES;
				CLANG_WARN_DEPRECATED_OBJC_IMPLEMENTATIONS = YES;
				CLANG_WARN_DIRECT_OBJC_ISA_USAGE = YES_ERROR;
				CLANG_WARN_DOCUMENTATION_COMMENTS = YES;
				CLANG_WARN_EMPTY_BODY = YES;
				CLANG_WARN_ENUM_CONVERSION = YES;
				CLANG_WARN_INFINITE_RECURSION = YES;
				CLANG_WARN_INT_CONVERSION = YES;
				CLANG_WARN_NON_LITERAL_NULL_CONVERSION = YES;
				CLANG_WARN_OBJC_IMPLICIT_RETAIN_SELF = YES;
				CLANG_WARN_OBJC_LITERAL_CONVERSION = YES;
				CLANG_WARN_OBJC_ROOT_CLASS = YES_ERROR;
				CLANG_WARN_QUOTED_INCLUDE_IN_FRAMEWORK_HEADER = YES;
				CLANG_WARN_RANGE_LOOP_ANALYSIS = YES;
				CLANG_WARN_STRICT_PROTOTYPES = YES;
				CLANG_WARN_SUSPICIOUS_MOVE = YES;
				CLANG_WARN_UNGUARDED_AVAILABILITY = YES_AGGRESSIVE;
				CLANG_WARN_UNREACHABLE_CODE = YES;
				CLANG_WARN__DUPLICATE_METHOD_MATCH = YES;
				COPY_PHASE_STRIP = NO;
				DEBUG_INFORMATION_FORMAT = "dwarf-with-dsym";
				ENABLE_NS_ASSERTIONS = NO;
				ENABLE_STRICT_OBJC_MSGSEND = YES;
				GCC_C_LANGUAGE_STANDARD = gnu11;
				GCC_NO_COMMON_BLOCKS = YES;
				GCC_WARN_64_TO_32_BIT_CONVERSION = YES;
				GCC_WARN_ABOUT_RETURN_TYPE = YES_ERROR;
				GCC_WARN_UNDECLARED_SELECTOR = YES;
				GCC_WARN_UNINITIALIZED_AUTOS = YES_AGGRESSIVE;
				GCC_WARN_UNUSED_FUNCTION = YES;
				GCC_WARN_UNUSED_VARIABLE = YES;
				IPHONEOS_DEPLOYMENT_TARGET = 13.1;
				MTL_ENABLE_DEBUG_INFO = NO;
				MTL_FAST_MATH = YES;
				SDKROOT = iphoneos;
				SWIFT_COMPILATION_MODE = wholemodule;
				SWIFT_OPTIMIZATION_LEVEL = "-O";
				VALIDATE_PRODUCT = YES;
			};
			name = Release;
		};
		F55461C823513EB100381F96 /* Debug */ = {
			isa = XCBuildConfiguration;
			buildSettings = {
				ASSETCATALOG_COMPILER_APPICON_NAME = AppIcon;
				CODE_SIGN_STYLE = Automatic;
				DEVELOPMENT_ASSET_PATHS = "\"CompassSwiftUI/Preview Content\"";
				DEVELOPMENT_TEAM = QCU2K9KWCX;
				ENABLE_PREVIEWS = YES;
				INFOPLIST_FILE = CompassSwiftUI/Info.plist;
				LD_RUNPATH_SEARCH_PATHS = (
					"$(inherited)",
					"@executable_path/Frameworks",
				);
				PRODUCT_BUNDLE_IDENTIFIER = anthonycodes.CompassSwiftUI;
				PRODUCT_NAME = "$(TARGET_NAME)";
				SWIFT_VERSION = 5.0;
				TARGETED_DEVICE_FAMILY = "1,2";
			};
			name = Debug;
		};
		F55461C923513EB100381F96 /* Release */ = {
			isa = XCBuildConfiguration;
			buildSettings = {
				ASSETCATALOG_COMPILER_APPICON_NAME = AppIcon;
				CODE_SIGN_STYLE = Automatic;
				DEVELOPMENT_ASSET_PATHS = "\"CompassSwiftUI/Preview Content\"";
				DEVELOPMENT_TEAM = QCU2K9KWCX;
				ENABLE_PREVIEWS = YES;
				INFOPLIST_FILE = CompassSwiftUI/Info.plist;
				LD_RUNPATH_SEARCH_PATHS = (
					"$(inherited)",
					"@executable_path/Frameworks",
				);
				PRODUCT_BUNDLE_IDENTIFIER = anthonycodes.CompassSwiftUI;
				PRODUCT_NAME = "$(TARGET_NAME)";
				SWIFT_VERSION = 5.0;
				TARGETED_DEVICE_FAMILY = "1,2";
			};
			name = Release;
		};
/* End XCBuildConfiguration section */

/* Begin XCConfigurationList section */
		F55461AB23513EB000381F96 /* Build configuration list for PBXProject "CompassSwiftUI" */ = {
			isa = XCConfigurationList;
			buildConfigurations = (
				F55461C523513EB100381F96 /* Debug */,
				F55461C623513EB100381F96 /* Release */,
			);
			defaultConfigurationIsVisible = 0;
			defaultConfigurationName = Release;
		};
		F55461C723513EB100381F96 /* Build configuration list for PBXNativeTarget "CompassSwiftUI" */ = {
			isa = XCConfigurationList;
			buildConfigurations = (
				F55461C823513EB100381F96 /* Debug */,
				F55461C923513EB100381F96 /* Release */,
			);
			defaultConfigurationIsVisible = 0;
			defaultConfigurationName = Release;
		};
/* End XCConfigurationList section */

/* Begin XCVersionGroup section */
		F55461B723513EB000381F96 /* CompassSwiftUI.xcdatamodeld */ = {
			isa = XCVersionGroup;
			children = (
				F55461B823513EB000381F96 /* CompassSwiftUI.xcdatamodel */,
			);
			currentVersion = F55461B823513EB000381F96 /* CompassSwiftUI.xcdatamodel */;
			path = CompassSwiftUI.xcdatamodeld;
			sourceTree = "<group>";
			versionGroupType = wrapper.xcdatamodel;
		};
/* End XCVersionGroup section */
	};
	rootObject = F55461A823513EB000381F96 /* Project object */;
}
